// !$*UTF8*$!
{
	archiveVersion = 1;
	classes = {};
	objectVersion = 56;
	objects = {

/* Begin PBXBuildFile section */
		A1000000000000010001 /* LawExamEditerApp.swift in Sources */ = {isa = PBXBuildFile; fileRef = A1000000000000020001 /* LawExamEditerApp.swift */; };
		A1000000000000010002 /* CaseMeta.swift in Sources */ = {isa = PBXBuildFile; fileRef = A1000000000000020002 /* CaseMeta.swift */; };
		A1000000000000010003 /* CaseStore.swift in Sources */ = {isa = PBXBuildFile; fileRef = A1000000000000020003 /* CaseStore.swift */; };
		A1000000000000010004 /* EditorState.swift in Sources */ = {isa = PBXBuildFile; fileRef = A1000000000000020004 /* EditorState.swift */; };
		A1000000000000010005 /* Debouncer.swift in Sources */ = {isa = PBXBuildFile; fileRef = A1000000000000020005 /* Debouncer.swift */; };
		A1000000000000010006 /* FileIO.swift in Sources */ = {isa = PBXBuildFile; fileRef = A1000000000000020006 /* FileIO.swift */; };
		A1000000000000010007 /* AppSplitView.swift in Sources */ = {isa = PBXBuildFile; fileRef = A1000000000000020007 /* AppSplitView.swift */; };
		A1000000000000010008 /* EditorTextView.swift in Sources */ = {isa = PBXBuildFile; fileRef = A1000000000000020008 /* EditorTextView.swift */; };
		A1000000000000010009 /* EditorPane.swift in Sources */ = {isa = PBXBuildFile; fileRef = A1000000000000020009 /* EditorPane.swift */; };
		A1000000000000010010 /* CaseOrganizerPane.swift in Sources */ = {isa = PBXBuildFile; fileRef = A1000000000000020010 /* CaseOrganizerPane.swift */; };
		A1000000000000010011 /* WebPane.swift in Sources */ = {isa = PBXBuildFile; fileRef = A1000000000000020011 /* WebPane.swift */; };
/* End PBXBuildFile section */

/* Begin PBXFileReference section */
		A1000000000000030001 /* LawExamEditer.app */ = {isa = PBXFileReference; explicitFileType = wrapper.application; path = LawExamEditer.app; sourceTree = BUILT_PRODUCTS_DIR; };
		A1000000000000020001 /* LawExamEditerApp.swift */ = {isa = PBXFileReference; lastKnownFileType = sourcecode.swift; path = LawExamEditerApp.swift; sourceTree = "<group>"; };
		A1000000000000020002 /* CaseMeta.swift */ = {isa = PBXFileReference; lastKnownFileType = sourcecode.swift; path = CaseMeta.swift; sourceTree = "<group>"; };
		A1000000000000020003 /* CaseStore.swift */ = {isa = PBXFileReference; lastKnownFileType = sourcecode.swift; path = CaseStore.swift; sourceTree = "<group>"; };
		A1000000000000020004 /* EditorState.swift */ = {isa = PBXFileReference; lastKnownFileType = sourcecode.swift; path = EditorState.swift; sourceTree = "<group>"; };
		A1000000000000020005 /* Debouncer.swift */ = {isa = PBXFileReference; lastKnownFileType = sourcecode.swift; path = Debouncer.swift; sourceTree = "<group>"; };
		A1000000000000020006 /* FileIO.swift */ = {isa = PBXFileReference; lastKnownFileType = sourcecode.swift; path = FileIO.swift; sourceTree = "<group>"; };
		A1000000000000020007 /* AppSplitView.swift */ = {isa = PBXFileReference; lastKnownFileType = sourcecode.swift; path = AppSplitView.swift; sourceTree = "<group>"; };
		A1000000000000020008 /* EditorTextView.swift */ = {isa = PBXFileReference; lastKnownFileType = sourcecode.swift; path = EditorTextView.swift; sourceTree = "<group>"; };
		A1000000000000020009 /* EditorPane.swift */ = {isa = PBXFileReference; lastKnownFileType = sourcecode.swift; path = EditorPane.swift; sourceTree = "<group>"; };
		A1000000000000020010 /* CaseOrganizerPane.swift */ = {isa = PBXFileReference; lastKnownFileType = sourcecode.swift; path = CaseOrganizerPane.swift; sourceTree = "<group>"; };
		A1000000000000020011 /* WebPane.swift */ = {isa = PBXFileReference; lastKnownFileType = sourcecode.swift; path = WebPane.swift; sourceTree = "<group>"; };
		A1000000000000020012 /* Info.plist */ = {isa = PBXFileReference; lastKnownFileType = text.plist.xml; path = Info.plist; sourceTree = "<group>"; };
/* End PBXFileReference section */

/* Begin PBXGroup section */
		A1000000000000040001 /* LawExamEditer */ = {
			isa = PBXGroup;
			children = (
				A1000000000000040002 /* Models */,
				A1000000000000040003 /* Services */,
				A1000000000000040004 /* Views */,
				A1000000000000040005 /* Utilities */,
				A1000000000000020001 /* LawExamEditerApp.swift */,
				A1000000000000020012 /* Info.plist */,
			);
			path = LawExamEditer;
			sourceTree = "<group>";
		};
		A1000000000000040002 /* Models */ = {
			isa = PBXGroup;
			children = (
				A1000000000000020002 /* CaseMeta.swift */,
			);
			path = Models;
			sourceTree = "<group>";
		};
		A1000000000000040003 /* Services */ = {
			isa = PBXGroup;
			children = (
				A1000000000000020003 /* CaseStore.swift */,
			);
			path = Services;
			sourceTree = "<group>";
		};
		A1000000000000040004 /* Views */ = {
			isa = PBXGroup;
			children = (
				A1000000000000020007 /* AppSplitView.swift */,
				A1000000000000020009 /* EditorPane.swift */,
				A1000000000000020008 /* EditorTextView.swift */,
				A1000000000000020010 /* CaseOrganizerPane.swift */,
				A1000000000000020011 /* WebPane.swift */,
			);
			path = Views;
			sourceTree = "<group>";
		};
		A1000000000000040005 /* Utilities */ = {
			isa = PBXGroup;
			children = (
				A1000000000000020004 /* EditorState.swift */,
				A1000000000000020005 /* Debouncer.swift */,
				A1000000000000020006 /* FileIO.swift */,
			);
			path = Utilities;
			sourceTree = "<group>";
		};
		A1000000000000040006 /* Products */ = {
			isa = PBXGroup;
			children = (
				A1000000000000030001 /* LawExamEditer.app */,
			);
			path = Products;
			sourceTree = "<group>";
		};
		A1000000000000040000 /* Project */ = {
			isa = PBXGroup;
			children = (
				A1000000000000040001 /* LawExamEditer */,
				A1000000000000040006 /* Products */,
			);
			path = "";
			sourceTree = "<group>";
		};
/* End PBXGroup section */

/* Begin PBXNativeTarget section */
		A1000000000000050001 /* LawExamEditer */ = {
			isa = PBXNativeTarget;
			buildConfigurationList = A1000000000000060001 /* Build configuration list for PBXNativeTarget "LawExamEditer" */;
			buildPhases = (
				A1000000000000070001 /* Sources */,
				A1000000000000070002 /* Frameworks */,
				A1000000000000070003 /* Resources */,
			);
			buildRules = (
			);
			dependencies = (
			);
			name = LawExamEditer;
			productName = LawExamEditer;
			productReference = A1000000000000030001 /* LawExamEditer.app */;
			productType = "com.apple.product-type.application";
		};
/* End PBXNativeTarget section */

/* Begin PBXProject section */
		A1000000000000080001 /* Project object */ = {
			isa = PBXProject;
			attributes = {
				BuildIndependentTargetsInParallel = YES;
				LastUpgradeCheck = 1500;
				TargetAttributes = {
					A1000000000000050001 = {
						CreatedOnToolsVersion = 15.0;
					};
				};
			};
			buildConfigurationList = A1000000000000060002 /* Build configuration list for PBXProject "LawExamEditer" */;
			compatibilityVersion = "Xcode 14.0";
			developmentRegion = en;
			hasScannedForEncodings = 0;
			knownRegions = (
				en,
				Base,
			);
			mainGroup = A1000000000000040000 /* Project */;
			productRefGroup = A1000000000000040006 /* Products */;
			projectDirPath = "";
			projectRoot = "";
			targets = (
				A1000000000000050001 /* LawExamEditer */,
			);
		};
/* End PBXProject section */

/* Begin PBXSourcesBuildPhase section */
		A1000000000000070001 /* Sources */ = {
			isa = PBXSourcesBuildPhase;
			buildActionMask = 2147483647;
			files = (
				A1000000000000010001 /* LawExamEditerApp.swift in Sources */,
				A1000000000000010002 /* CaseMeta.swift in Sources */,
				A1000000000000010003 /* CaseStore.swift in Sources */,
				A1000000000000010004 /* EditorState.swift in Sources */,
				A1000000000000010005 /* Debouncer.swift in Sources */,
				A1000000000000010006 /* FileIO.swift in Sources */,
				A1000000000000010007 /* AppSplitView.swift in Sources */,
				A1000000000000010008 /* EditorTextView.swift in Sources */,
				A1000000000000010009 /* EditorPane.swift in Sources */,
				A1000000000000010010 /* CaseOrganizerPane.swift in Sources */,
				A1000000000000010011 /* WebPane.swift in Sources */,
			);
			runOnlyForDeploymentPostprocessing = 0;
		};
/* End PBXSourcesBuildPhase section */

/* Begin PBXFrameworksBuildPhase section */
		A1000000000000070002 /* Frameworks */ = {
			isa = PBXFrameworksBuildPhase;
			buildActionMask = 2147483647;
			files = (
			);
			runOnlyForDeploymentPostprocessing = 0;
		};
/* End PBXFrameworksBuildPhase section */

/* Begin PBXResourcesBuildPhase section */
		A1000000000000070003 /* Resources */ = {
			isa = PBXResourcesBuildPhase;
			buildActionMask = 2147483647;
			files = (
			);
			runOnlyForDeploymentPostprocessing = 0;
		};
/* End PBXResourcesBuildPhase section */

/* Begin XCBuildConfiguration section */
		A1000000000000090001 /* Debug */ = {
			isa = XCBuildConfiguration;
			buildSettings = {
				CODE_SIGN_STYLE = Automatic;
				DEVELOPMENT_TEAM = "";
				INFOPLIST_FILE = LawExamEditer/Info.plist;
				LD_RUNPATH_SEARCH_PATHS = (
					"$(inherited)",
					"@executable_path/../Frameworks",
				);
				MACOSX_DEPLOYMENT_TARGET = 14.0;
				PRODUCT_BUNDLE_IDENTIFIER = com.example.LawExamEditer;
				PRODUCT_NAME = "$(TARGET_NAME)";
				SWIFT_VERSION = 5.0;
			};
			name = Debug;
		};
		A1000000000000090002 /* Release */ = {
			isa = XCBuildConfiguration;
			buildSettings = {
				CODE_SIGN_STYLE = Automatic;
				DEVELOPMENT_TEAM = "";
				INFOPLIST_FILE = LawExamEditer/Info.plist;
				LD_RUNPATH_SEARCH_PATHS = (
					"$(inherited)",
					"@executable_path/../Frameworks",
				);
				MACOSX_DEPLOYMENT_TARGET = 14.0;
				PRODUCT_BUNDLE_IDENTIFIER = com.example.LawExamEditer;
				PRODUCT_NAME = "$(TARGET_NAME)";
				SWIFT_VERSION = 5.0;
			};
			name = Release;
		};
		A1000000000000090003 /* Debug */ = {
			isa = XCBuildConfiguration;
			buildSettings = {
				ALWAYS_SEARCH_USER_PATHS = NO;
				CLANG_ANALYZER_NONNULL = YES;
				CLANG_ANALYZER_NUMBER_OBJECT_CONVERSION = YES_AGGRESSIVE;
				CLANG_CXX_LANGUAGE_STANDARD = "gnu++20";
				CLANG_ENABLE_MODULES = YES;
				CLANG_ENABLE_OBJC_ARC = YES;
				CLANG_WARN_DOCUMENTATION_COMMENTS = YES;
				CLANG_WARN_QUOTED_INCLUDE_IN_FRAMEWORK_HEADER = YES;
				DEBUG_INFORMATION_FORMAT = dwarf;
				ENABLE_STRICT_OBJC_MSGSEND = YES;
				GCC_C_LANGUAGE_STANDARD = gnu11;
				MACOSX_DEPLOYMENT_TARGET = 14.0;
				ONLY_ACTIVE_ARCH = YES;
				SDKROOT = macosx;
				SWIFT_OPTIMIZATION_LEVEL = "-Onone";
			};
			name = Debug;
		};
		A1000000000000090004 /* Release */ = {
			isa = XCBuildConfiguration;
			buildSettings = {
				ALWAYS_SEARCH_USER_PATHS = NO;
				CLANG_ANALYZER_NONNULL = YES;
				CLANG_ANALYZER_NUMBER_OBJECT_CONVERSION = YES_AGGRESSIVE;
				CLANG_CXX_LANGUAGE_STANDARD = "gnu++20";
				CLANG_ENABLE_MODULES = YES;
				CLANG_ENABLE_OBJC_ARC = YES;
				CLANG_WARN_DOCUMENTATION_COMMENTS = YES;
				CLANG_WARN_QUOTED_INCLUDE_IN_FRAMEWORK_HEADER = YES;
				DEBUG_INFORMATION_FORMAT = dwarf;
				ENABLE_STRICT_OBJC_MSGSEND = YES;
				GCC_C_LANGUAGE_STANDARD = gnu11;
				MACOSX_DEPLOYMENT_TARGET = 14.0;
				SDKROOT = macosx;
				SWIFT_COMPILATION_MODE = wholemodule;
				SWIFT_OPTIMIZATION_LEVEL = "-O";
			};
			name = Release;
		};
/* End XCBuildConfiguration section */

/* Begin XCConfigurationList section */
		A1000000000000060001 /* Build configuration list for PBXNativeTarget "LawExamEditer" */ = {
			isa = XCConfigurationList;
			buildConfigurations = (
				A1000000000000090001 /* Debug */,
				A1000000000000090002 /* Release */,
			);
			defaultConfigurationIsVisible = 0;
			defaultConfigurationName = Debug;
		};
		A1000000000000060002 /* Build configuration list for PBXProject "LawExamEditer" */ = {
			isa = XCConfigurationList;
			buildConfigurations = (
				A1000000000000090003 /* Debug */,
				A1000000000000090004 /* Release */,
			);
			defaultConfigurationIsVisible = 0;
			defaultConfigurationName = Debug;
		};
/* End XCConfigurationList section */
	};
	rootObject = A1000000000000080001 /* Project object */;
}
